
Microsoft Visual Studio Solution File, Format Version 12.00
# Visual Studio Version 16
VisualStudioVersion = 16.0.31911.196
MinimumVisualStudioVersion = 10.0.40219.1
Project("{FAE04EC0-301F-11D3-BF4B-00C04F79EFBC}") = "Lab6", "Lab6\Lab6.csproj", "{02A92FF0-4646-4D0B-A5D2-D733AB59C5F3}"
EndProject
Global
	GlobalSection(SolutionConfigurationPlatforms) = preSolution
		Debug|Any CPU = Debug|Any CPU
		Release|Any CPU = Release|Any CPU
	EndGlobalSection
	GlobalSection(ProjectConfigurationPlatforms) = postSolution
		{02A92FF0-4646-4D0B-A5D2-D733AB59C5F3}.Debug|Any CPU.ActiveCfg = Debug|Any CPU
		{02A92FF0-4646-4D0B-A5D2-D733AB59C5F3}.Debug|Any CPU.Build.0 = Debug|Any CPU
		{02A92FF0-4646-4D0B-A5D2-D733AB59C5F3}.Release|Any CPU.ActiveCfg = Release|Any CPU
		{02A92FF0-4646-4D0B-A5D2-D733AB59C5F3}.Release|Any CPU.Build.0 = Release|Any CPU
	EndGlobalSection
	GlobalSection(SolutionProperties) = preSolution
		HideSolutionNode = FALSE
	EndGlobalSection
	GlobalSection(ExtensibilityGlobals) = postSolution
		SolutionGuid = {DE4B69AA-CAB5-422A-9E0E-8F236071D0DF}
	EndGlobalSection
EndGlobal
